
Microsoft Visual Studio Solution File, Format Version 12.00
# Visual Studio 15
VisualStudioVersion = 15.0.28307.329
MinimumVisualStudioVersion = 10.0.40219.1
Project("{FAE04EC0-301F-11D3-BF4B-00C04F79EFBC}") = "Beacon", "Beacon\Beacon.csproj", "{9D068534-CB04-4CE4-9E34-36C5CD9BCCD9}"
EndProject
Project("{54435603-DBB4-11D2-8724-00A0C9A8B90C}") = "BeaconInstaller", "BeaconInstaller\BeaconInstaller.vdproj", "{AC4B7C1E-3CE8-49D7-832C-18519170CA29}"
EndProject
Global
	GlobalSection(SolutionConfigurationPlatforms) = preSolution
		Debug|Any CPU = Debug|Any CPU
		Debug2018|Any CPU = Debug2018|Any CPU
		Debug2019|Any CPU = Debug2019|Any CPU
		Debug2020|Any CPU = Debug2020|Any CPU
		Debug2021|Any CPU = Debug2021|Any CPU
		Debug2022|Any CPU = Debug2022|Any CPU
		Debug2023|Any CPU = Debug2023|Any CPU
		Debug2024|Any CPU = Debug2024|Any CPU
		Debug2025|Any CPU = Debug2025|Any CPU
		Release|Any CPU = Release|Any CPU
		Release2018|Any CPU = Release2018|Any CPU
		Release2018Internal|Any CPU = Release2018Internal|Any CPU
		Release2019|Any CPU = Release2019|Any CPU
		Release2019Internal|Any CPU = Release2019Internal|Any CPU
		Release2020|Any CPU = Release2020|Any CPU
		Release2020Internal|Any CPU = Release2020Internal|Any CPU
		Release2021|Any CPU = Release2021|Any CPU
		Release2021Internal|Any CPU = Release2021Internal|Any CPU
		Release2022|Any CPU = Release2022|Any CPU
		Release2022Internal|Any CPU = Release2022Internal|Any CPU
		Release2023|Any CPU = Release2023|Any CPU
		Release2024|Any CPU = Release2024|Any CPU
		Release2025|Any CPU = Release2025|Any CPU
	EndGlobalSection
	GlobalSection(ProjectConfigurationPlatforms) = postSolution
		{9D068534-CB04-4CE4-9E34-36C5CD9BCCD9}.Debug|Any CPU.ActiveCfg = Debug|Any CPU
		{9D068534-CB04-4CE4-9E34-36C5CD9BCCD9}.Debug|Any CPU.Build.0 = Debug|Any CPU
		{9D068534-CB04-4CE4-9E34-36C5CD9BCCD9}.Debug2018|Any CPU.ActiveCfg = Debug2018|Any CPU
		{9D068534-CB04-4CE4-9E34-36C5CD9BCCD9}.Debug2018|Any CPU.Build.0 = Debug2018|Any CPU
		{9D068534-CB04-4CE4-9E34-36C5CD9BCCD9}.Debug2019|Any CPU.ActiveCfg = Debug2019|Any CPU
		{9D068534-CB04-4CE4-9E34-36C5CD9BCCD9}.Debug2019|Any CPU.Build.0 = Debug2019|Any CPU
		{9D068534-CB04-4CE4-9E34-36C5CD9BCCD9}.Debug2020|Any CPU.ActiveCfg = Debug2020|Any CPU
		{9D068534-CB04-4CE4-9E34-36C5CD9BCCD9}.Debug2020|Any CPU.Build.0 = Debug2020|Any CPU
		{9D068534-CB04-4CE4-9E34-36C5CD9BCCD9}.Debug2021|Any CPU.ActiveCfg = Debug2021|Any CPU
		{9D068534-CB04-4CE4-9E34-36C5CD9BCCD9}.Debug2021|Any CPU.Build.0 = Debug2021|Any CPU
		{9D068534-CB04-4CE4-9E34-36C5CD9BCCD9}.Debug2022|Any CPU.ActiveCfg = Debug2022|Any CPU
		{9D068534-CB04-4CE4-9E34-36C5CD9BCCD9}.Debug2022|Any CPU.Build.0 = Debug2022|Any CPU
		{9D068534-CB04-4CE4-9E34-36C5CD9BCCD9}.Debug2023|Any CPU.ActiveCfg = Debug2023|Any CPU
		{9D068534-CB04-4CE4-9E34-36C5CD9BCCD9}.Debug2023|Any CPU.Build.0 = Debug2023|Any CPU
		{9D068534-CB04-4CE4-9E34-36C5CD9BCCD9}.Debug2024|Any CPU.ActiveCfg = Debug2024|Any CPU
		{9D068534-CB04-4CE4-9E34-36C5CD9BCCD9}.Debug2024|Any CPU.Build.0 = Debug2024|Any CPU
		{9D068534-CB04-4CE4-9E34-36C5CD9BCCD9}.Debug2025|Any CPU.ActiveCfg = Debug2025|Any CPU
		{9D068534-CB04-4CE4-9E34-36C5CD9BCCD9}.Debug2025|Any CPU.Build.0 = Debug2025|Any CPU
		{9D068534-CB04-4CE4-9E34-36C5CD9BCCD9}.Release|Any CPU.ActiveCfg = Release|Any CPU
		{9D068534-CB04-4CE4-9E34-36C5CD9BCCD9}.Release|Any CPU.Build.0 = Release|Any CPU
		{9D068534-CB04-4CE4-9E34-36C5CD9BCCD9}.Release2018|Any CPU.ActiveCfg = Release2018|Any CPU
		{9D068534-CB04-4CE4-9E34-36C5CD9BCCD9}.Release2018|Any CPU.Build.0 = Release2018|Any CPU
		{9D068534-CB04-4CE4-9E34-36C5CD9BCCD9}.Release2018Internal|Any CPU.ActiveCfg = Release2018Internal|Any CPU
		{9D068534-CB04-4CE4-9E34-36C5CD9BCCD9}.Release2018Internal|Any CPU.Build.0 = Release2018Internal|Any CPU
		{9D068534-CB04-4CE4-9E34-36C5CD9BCCD9}.Release2019|Any CPU.ActiveCfg = Release2019|Any CPU
		{9D068534-CB04-4CE4-9E34-36C5CD9BCCD9}.Release2019|Any CPU.Build.0 = Release2019|Any CPU
		{9D068534-CB04-4CE4-9E34-36C5CD9BCCD9}.Release2019Internal|Any CPU.ActiveCfg = Release2019Internal|Any CPU
		{9D068534-CB04-4CE4-9E34-36C5CD9BCCD9}.Release2019Internal|Any CPU.Build.0 = Release2019Internal|Any CPU
		{9D068534-CB04-4CE4-9E34-36C5CD9BCCD9}.Release2020|Any CPU.ActiveCfg = Release2020|Any CPU
		{9D068534-CB04-4CE4-9E34-36C5CD9BCCD9}.Release2020|Any CPU.Build.0 = Release2020|Any CPU
		{9D068534-CB04-4CE4-9E34-36C5CD9BCCD9}.Release2020Internal|Any CPU.ActiveCfg = Release2020Internal|Any CPU
		{9D068534-CB04-4CE4-9E34-36C5CD9BCCD9}.Release2020Internal|Any CPU.Build.0 = Release2020Internal|Any CPU
		{9D068534-CB04-4CE4-9E34-36C5CD9BCCD9}.Release2021|Any CPU.ActiveCfg = Release2021|Any CPU
		{9D068534-CB04-4CE4-9E34-36C5CD9BCCD9}.Release2021|Any CPU.Build.0 = Release2021|Any CPU
		{9D068534-CB04-4CE4-9E34-36C5CD9BCCD9}.Release2021Internal|Any CPU.ActiveCfg = Release2021Internal|Any CPU
		{9D068534-CB04-4CE4-9E34-36C5CD9BCCD9}.Release2021Internal|Any CPU.Build.0 = Release2021Internal|Any CPU
		{9D068534-CB04-4CE4-9E34-36C5CD9BCCD9}.Release2022|Any CPU.ActiveCfg = Release2022|Any CPU
		{9D068534-CB04-4CE4-9E34-36C5CD9BCCD9}.Release2022|Any CPU.Build.0 = Release2022|Any CPU
		{9D068534-CB04-4CE4-9E34-36C5CD9BCCD9}.Release2022Internal|Any CPU.ActiveCfg = Release2022Internal|Any CPU
		{9D068534-CB04-4CE4-9E34-36C5CD9BCCD9}.Release2022Internal|Any CPU.Build.0 = Release2022Internal|Any CPU
		{9D068534-CB04-4CE4-9E34-36C5CD9BCCD9}.Release2023|Any CPU.ActiveCfg = Release2023|Any CPU
		{9D068534-CB04-4CE4-9E34-36C5CD9BCCD9}.Release2023|Any CPU.Build.0 = Release2023|Any CPU
		{9D068534-CB04-4CE4-9E34-36C5CD9BCCD9}.Release2024|Any CPU.ActiveCfg = Release2024|Any CPU
		{9D068534-CB04-4CE4-9E34-36C5CD9BCCD9}.Release2024|Any CPU.Build.0 = Release2024|Any CPU
		{9D068534-CB04-4CE4-9E34-36C5CD9BCCD9}.Release2025|Any CPU.ActiveCfg = Release2025|Any CPU
		{9D068534-CB04-4CE4-9E34-36C5CD9BCCD9}.Release2025|Any CPU.Build.0 = Release2025|Any CPU
		{AC4B7C1E-3CE8-49D7-832C-18519170CA29}.Debug|Any CPU.ActiveCfg = Debug
		{AC4B7C1E-3CE8-49D7-832C-18519170CA29}.Debug2018|Any CPU.ActiveCfg = Debug
		{AC4B7C1E-3CE8-49D7-832C-18519170CA29}.Debug2019|Any CPU.ActiveCfg = Debug
		{AC4B7C1E-3CE8-49D7-832C-18519170CA29}.Debug2020|Any CPU.ActiveCfg = Debug
		{AC4B7C1E-3CE8-49D7-832C-18519170CA29}.Debug2021|Any CPU.ActiveCfg = Debug
		{AC4B7C1E-3CE8-49D7-832C-18519170CA29}.Debug2022|Any CPU.ActiveCfg = Debug2022
		{AC4B7C1E-3CE8-49D7-832C-18519170CA29}.Debug2023|Any CPU.ActiveCfg = Debug2023
		{AC4B7C1E-3CE8-49D7-832C-18519170CA29}.Debug2024|Any CPU.ActiveCfg = Debug2024
		{AC4B7C1E-3CE8-49D7-832C-18519170CA29}.Debug2025|Any CPU.ActiveCfg = Debug2025
		{AC4B7C1E-3CE8-49D7-832C-18519170CA29}.Release|Any CPU.ActiveCfg = Release
		{AC4B7C1E-3CE8-49D7-832C-18519170CA29}.Release2018|Any CPU.ActiveCfg = Release2018
		{AC4B7C1E-3CE8-49D7-832C-18519170CA29}.Release2018Internal|Any CPU.ActiveCfg = Release2018Internal
		{AC4B7C1E-3CE8-49D7-832C-18519170CA29}.Release2019|Any CPU.ActiveCfg = Release2019
		{AC4B7C1E-3CE8-49D7-832C-18519170CA29}.Release2019Internal|Any CPU.ActiveCfg = Release2019Internal
		{AC4B7C1E-3CE8-49D7-832C-18519170CA29}.Release2020|Any CPU.ActiveCfg = Release2020
		{AC4B7C1E-3CE8-49D7-832C-18519170CA29}.Release2020Internal|Any CPU.ActiveCfg = Release2020Internal
		{AC4B7C1E-3CE8-49D7-832C-18519170CA29}.Release2021|Any CPU.ActiveCfg = Release2020Internal
		{AC4B7C1E-3CE8-49D7-832C-18519170CA29}.Release2021Internal|Any CPU.ActiveCfg = Release2020Internal
		{AC4B7C1E-3CE8-49D7-832C-18519170CA29}.Release2022|Any CPU.ActiveCfg = Release2022
		{AC4B7C1E-3CE8-49D7-832C-18519170CA29}.Release2022Internal|Any CPU.ActiveCfg = Release2022Internal
		{AC4B7C1E-3CE8-49D7-832C-18519170CA29}.Release2023|Any CPU.ActiveCfg = Release2023
		{AC4B7C1E-3CE8-49D7-832C-18519170CA29}.Release2024|Any CPU.ActiveCfg = Release2024
		{AC4B7C1E-3CE8-49D7-832C-18519170CA29}.Release2025|Any CPU.ActiveCfg = Release2025
	EndGlobalSection
	GlobalSection(SolutionProperties) = preSolution
		HideSolutionNode = FALSE
	EndGlobalSection
	GlobalSection(ExtensibilityGlobals) = postSolution
		SolutionGuid = {EAE0EF79-D0C7-4506-B08B-B559131C71EE}
	EndGlobalSection
EndGlobal
